
Microsoft Visual Studio Solution File, Format Version 12.00
# Visual Studio Version 16
VisualStudioVersion = 16.0.32126.315
MinimumVisualStudioVersion = 10.0.40219.1
Project("{8BC9CEB8-8B4A-11D0-8D11-00A0C91BC942}") = "2022_5_16_1", "2022_5_16_1\2022_5_16_1.vcxproj", "{C3491D07-B946-4057-B50C-20819574C4EA}"
EndProject
Global
	GlobalSection(SolutionConfigurationPlatforms) = preSolution
		Debug|x64 = Debug|x64
		Debug|x86 = Debug|x86
		Release|x64 = Release|x64
		Release|x86 = Release|x86
	EndGlobalSection
	GlobalSection(ProjectConfigurationPlatforms) = postSolution
		{C3491D07-B946-4057-B50C-20819574C4EA}.Debug|x64.ActiveCfg = Debug|x64
		{C3491D07-B946-4057-B50C-20819574C4EA}.Debug|x64.Build.0 = Debug|x64
		{C3491D07-B946-4057-B50C-20819574C4EA}.Debug|x86.ActiveCfg = Debug|Win32
		{C3491D07-B946-4057-B50C-20819574C4EA}.Debug|x86.Build.0 = Debug|Win32
		{C3491D07-B946-4057-B50C-20819574C4EA}.Release|x64.ActiveCfg = Release|x64
		{C3491D07-B946-4057-B50C-20819574C4EA}.Release|x64.Build.0 = Release|x64
		{C3491D07-B946-4057-B50C-20819574C4EA}.Release|x86.ActiveCfg = Release|Win32
		{C3491D07-B946-4057-B50C-20819574C4EA}.Release|x86.Build.0 = Release|Win32
	EndGlobalSection
	GlobalSection(SolutionProperties) = preSolution
		HideSolutionNode = FALSE
	EndGlobalSection
	GlobalSection(ExtensibilityGlobals) = postSolution
		SolutionGuid = {F8E8DEEE-6960-4306-A79E-FA30C7D6BC07}
	EndGlobalSection
EndGlobal
